schema: '2.0'
stages:
  data_ingestion:
    cmd: python src/Tutorial_Project/pipeline/stage_01_data_ingestion.py
    deps:
    - path: config/config.yaml
      hash: md5
      md5: 101c3812462c3f5849c556fd8f4cd28f
      size: 643
    - path: src/Tutorial_Project/pipeline/stage_01_data_ingestion.py
      hash: md5
      md5: b407be2535de86a4347fc80e2bcffa58
      size: 779
    outs:
    - path: artifacts/ingested/Data
      hash: md5
      md5: 3ddc2c0e262e947578d73eeec3119af6.dir
      size: 124956798
      nfiles: 1000
  prepare_base_model:
    cmd: python  src/Tutorial_Project/pipeline/stage_02_Prepared_Base_Model.py
    deps:
    - path: config/config.yaml
      hash: md5
      md5: 101c3812462c3f5849c556fd8f4cd28f
      size: 643
    - path: src/Tutorial_Project/pipeline/stage_02_Prepared_Base_Model.py
      hash: md5
      md5: 478909690826701a0ead939f16a88172
      size: 942
    params:
      params.yaml:
        CLASSES: 4
        IMAGE_SIZE:
        - 224
        - 224
        - 3
        INCLUDE_TOP: false
        LEARNING_RATE: 0.01
        WEIGHTS: imagenet
    outs:
    - path: artifacts/prepared_base_model
      hash: md5
      md5: 188614e51d87e9f4aacdeb54911edc96.dir
      size: 118259936
      nfiles: 2
  training:
    cmd: python src/Tutorial_Project/pipeline/stage_03_Training.py
    deps:
    - path: artifacts/ingested/Data
      hash: md5
      md5: 3ddc2c0e262e947578d73eeec3119af6.dir
      size: 124956798
      nfiles: 1000
    - path: artifacts/prepared_base_model
      hash: md5
      md5: 188614e51d87e9f4aacdeb54911edc96.dir
      size: 118259936
      nfiles: 2
    - path: config/config.yaml
      hash: md5
      md5: 101c3812462c3f5849c556fd8f4cd28f
      size: 643
    - path: src/Tutorial_Project/pipeline/stage_03_Training.py
      hash: md5
      md5: 2d767d5d635180e3209f760a498433dd
      size: 882
    params:
      params.yaml:
        AUGMENTATION: true
        BATCH_SIZE: 16
        EPOCHS: 20
        IMAGE_SIZE:
        - 224
        - 224
        - 3
    outs:
    - path: artifacts/training/model.h5
      hash: md5
      md5: 6ad40af3552cab224c022831c02ad714
      size: 88065776
  evaluation:
    cmd: python src/Tutorial_Project/pipeline/stage_04_Mlflow_integeration.py
    deps:
    - path: artifacts/ingested/Data
      hash: md5
      md5: 3ddc2c0e262e947578d73eeec3119af6.dir
      size: 124956798
      nfiles: 1000
    - path: artifacts/training/model.h5
      hash: md5
      md5: 6ad40af3552cab224c022831c02ad714
      size: 88065776
    - path: config/config.yaml
      hash: md5
      md5: 101c3812462c3f5849c556fd8f4cd28f
      size: 643
    - path: src/Tutorial_Project/pipeline/stage_04_Mlflow_integeration.py
      hash: md5
      md5: 3e34c61f83c82ba1de97790bc35d5dba
      size: 840
    params:
      params.yaml:
        BATCH_SIZE: 16
        IMAGE_SIZE:
        - 224
        - 224
        - 3
    outs:
    - path: scores.json
      hash: md5
      md5: 1d3f2e07dc088c348c40d993fc39aa06
      size: 70
